
Microsoft Visual Studio Solution File, Format Version 12.00
# Visual Studio 2013
VisualStudioVersion = 12.0.30723.0
MinimumVisualStudioVersion = 10.0.40219.1
Project("{FAE04EC0-301F-11D3-BF4B-00C04F79EFBC}") = "XPertWebAppMatriz", "XPertWebAppMatriz\XPertWebAppMatriz.csproj", "{EC8DE31E-B778-4D27-A086-A65E7EC04F5C}"
EndProject
Project("{FAE04EC0-301F-11D3-BF4B-00C04F79EFBC}") = "XPertWebAppMatriz.Tests", "XPertWebAppMatriz.Tests\XPertWebAppMatriz.Tests.csproj", "{4A1CE663-EA31-4B82-B8AE-C504FBE42094}"
EndProject
Global
	GlobalSection(SolutionConfigurationPlatforms) = preSolution
		Debug|Any CPU = Debug|Any CPU
		Release|Any CPU = Release|Any CPU
	EndGlobalSection
	GlobalSection(ProjectConfigurationPlatforms) = postSolution
		{EC8DE31E-B778-4D27-A086-A65E7EC04F5C}.Debug|Any CPU.ActiveCfg = Debug|Any CPU
		{EC8DE31E-B778-4D27-A086-A65E7EC04F5C}.Debug|Any CPU.Build.0 = Debug|Any CPU
		{EC8DE31E-B778-4D27-A086-A65E7EC04F5C}.Release|Any CPU.ActiveCfg = Release|Any CPU
		{EC8DE31E-B778-4D27-A086-A65E7EC04F5C}.Release|Any CPU.Build.0 = Release|Any CPU
		{4A1CE663-EA31-4B82-B8AE-C504FBE42094}.Debug|Any CPU.ActiveCfg = Debug|Any CPU
		{4A1CE663-EA31-4B82-B8AE-C504FBE42094}.Debug|Any CPU.Build.0 = Debug|Any CPU
		{4A1CE663-EA31-4B82-B8AE-C504FBE42094}.Release|Any CPU.ActiveCfg = Release|Any CPU
		{4A1CE663-EA31-4B82-B8AE-C504FBE42094}.Release|Any CPU.Build.0 = Release|Any CPU
	EndGlobalSection
	GlobalSection(SolutionProperties) = preSolution
		HideSolutionNode = FALSE
	EndGlobalSection
EndGlobal
